
Microsoft Visual Studio Solution File, Format Version 12.00
# Visual Studio Version 17
VisualStudioVersion = 17.4.33110.190
MinimumVisualStudioVersion = 10.0.40219.1
Project("{FAE04EC0-301F-11D3-BF4B-00C04F79EFBC}") = "AspNetCoreApi", "AspNetCoreApi\AspNetCoreApi.csproj", "{9C859601-65BF-4904-BA17-6C7CA65AA023}"
EndProject
Global
	GlobalSection(SolutionConfigurationPlatforms) = preSolution
		Debug|Any CPU = Debug|Any CPU
		Release|Any CPU = Release|Any CPU
	EndGlobalSection
	GlobalSection(ProjectConfigurationPlatforms) = postSolution
		{9C859601-65BF-4904-BA17-6C7CA65AA023}.Debug|Any CPU.ActiveCfg = Debug|Any CPU
		{9C859601-65BF-4904-BA17-6C7CA65AA023}.Debug|Any CPU.Build.0 = Debug|Any CPU
		{9C859601-65BF-4904-BA17-6C7CA65AA023}.Release|Any CPU.ActiveCfg = Release|Any CPU
		{9C859601-65BF-4904-BA17-6C7CA65AA023}.Release|Any CPU.Build.0 = Release|Any CPU
	EndGlobalSection
	GlobalSection(SolutionProperties) = preSolution
		HideSolutionNode = FALSE
	EndGlobalSection
	GlobalSection(ExtensibilityGlobals) = postSolution
		SolutionGuid = {6431B5EC-90E6-4E6B-8C6B-9A2164C838C5}
	EndGlobalSection
EndGlobal
